// !$*UTF8*$!
{
	archiveVersion = 1;
	classes = {
	};
	objectVersion = 55;
	objects = {

/* Begin PBXBuildFile section */
		BB28D51F28F99FAB0049BB92 /* WABaseInfoView.swift in Sources */ = {isa = PBXBuildFile; fileRef = BB28D51E28F99FAB0049BB92 /* WABaseInfoView.swift */; };
		BB28D52728FC5D580049BB92 /* TimerView.swift in Sources */ = {isa = PBXBuildFile; fileRef = BB28D52628FC5D580049BB92 /* TimerView.swift */; };
		BB28D52A28FC642F0049BB92 /* ProgressView.swift in Sources */ = {isa = PBXBuildFile; fileRef = BB28D52928FC642F0049BB92 /* ProgressView.swift */; };
		BB47EA1E28E9C7CF00D530C3 /* TabBarController.swift in Sources */ = {isa = PBXBuildFile; fileRef = BB47EA1D28E9C7CF00D530C3 /* TabBarController.swift */; };
		BB47EA2228E9C96100D530C3 /* Extentions.swift in Sources */ = {isa = PBXBuildFile; fileRef = BB47EA2128E9C96100D530C3 /* Extentions.swift */; };
		BB47EA2428E9CA9200D530C3 /* Resourses.swift in Sources */ = {isa = PBXBuildFile; fileRef = BB47EA2328E9CA9200D530C3 /* Resourses.swift */; };
		BB47EA2628E9EFA400D530C3 /* NavBarController.swift in Sources */ = {isa = PBXBuildFile; fileRef = BB47EA2528E9EFA400D530C3 /* NavBarController.swift */; };
		BB47EA2928E9F41E00D530C3 /* BaseController.swift in Sources */ = {isa = PBXBuildFile; fileRef = BB47EA2828E9F41E00D530C3 /* BaseController.swift */; };
		BB47EA3028E9FDA600D530C3 /* SessionController.swift in Sources */ = {isa = PBXBuildFile; fileRef = BB47EA2F28E9FDA600D530C3 /* SessionController.swift */; };
		BB47EA3228E9FDC600D530C3 /* ProgressController.swift in Sources */ = {isa = PBXBuildFile; fileRef = BB47EA3128E9FDC600D530C3 /* ProgressController.swift */; };
		BB47EA3428E9FDFA00D530C3 /* SettingsController.swift in Sources */ = {isa = PBXBuildFile; fileRef = BB47EA3328E9FDFA00D530C3 /* SettingsController.swift */; };
		BB47EA3628EA528300D530C3 /* OverViewController.swift in Sources */ = {isa = PBXBuildFile; fileRef = BB47EA3528EA528300D530C3 /* OverViewController.swift */; };
		BB6C985B28E9BDB300CF6333 /* AppDelegate.swift in Sources */ = {isa = PBXBuildFile; fileRef = BB6C985A28E9BDB300CF6333 /* AppDelegate.swift */; };
		BB6C985D28E9BDB300CF6333 /* SceneDelegate.swift in Sources */ = {isa = PBXBuildFile; fileRef = BB6C985C28E9BDB300CF6333 /* SceneDelegate.swift */; };
		BB6C986428E9BDB500CF6333 /* Assets.xcassets in Resources */ = {isa = PBXBuildFile; fileRef = BB6C986328E9BDB500CF6333 /* Assets.xcassets */; };
		BB6C986728E9BDB500CF6333 /* LaunchScreen.storyboard in Resources */ = {isa = PBXBuildFile; fileRef = BB6C986528E9BDB500CF6333 /* LaunchScreen.storyboard */; };
		BB859BCD28EF8AF4003731C5 /* WAButton.swift in Sources */ = {isa = PBXBuildFile; fileRef = BB859BCC28EF8AF4003731C5 /* WAButton.swift */; };
		BB859BD328F041E6003731C5 /* BaseView.swift in Sources */ = {isa = PBXBuildFile; fileRef = BB859BD228F041E6003731C5 /* BaseView.swift */; };
		BB859BD728F0F1AA003731C5 /* OverViewNavBar.swift in Sources */ = {isa = PBXBuildFile; fileRef = BB859BD628F0F1AA003731C5 /* OverViewNavBar.swift */; };
		BB859BDA28F224BC003731C5 /* WeekView.swift in Sources */ = {isa = PBXBuildFile; fileRef = BB859BD928F224BC003731C5 /* WeekView.swift */; };
		BB859BDC28F22817003731C5 /* WeekDayView.swift in Sources */ = {isa = PBXBuildFile; fileRef = BB859BDB28F22817003731C5 /* WeekDayView.swift */; };
		BBD3DD0E2909574F00EC8B8F /* PersentView.swift in Sources */ = {isa = PBXBuildFile; fileRef = BBD3DD0D2909574F00EC8B8F /* PersentView.swift */; };
/* End PBXBuildFile section */

/* Begin PBXFileReference section */
		BB28D51E28F99FAB0049BB92 /* WABaseInfoView.swift */ = {isa = PBXFileReference; lastKnownFileType = sourcecode.swift; path = WABaseInfoView.swift; sourceTree = "<group>"; };
		BB28D52628FC5D580049BB92 /* TimerView.swift */ = {isa = PBXFileReference; lastKnownFileType = sourcecode.swift; path = TimerView.swift; sourceTree = "<group>"; };
		BB28D52928FC642F0049BB92 /* ProgressView.swift */ = {isa = PBXFileReference; lastKnownFileType = sourcecode.swift; path = ProgressView.swift; sourceTree = "<group>"; };
		BB47EA1D28E9C7CF00D530C3 /* TabBarController.swift */ = {isa = PBXFileReference; lastKnownFileType = sourcecode.swift; path = TabBarController.swift; sourceTree = "<group>"; };
		BB47EA2128E9C96100D530C3 /* Extentions.swift */ = {isa = PBXFileReference; lastKnownFileType = sourcecode.swift; path = Extentions.swift; sourceTree = "<group>"; };
		BB47EA2328E9CA9200D530C3 /* Resourses.swift */ = {isa = PBXFileReference; lastKnownFileType = sourcecode.swift; path = Resourses.swift; sourceTree = "<group>"; };
		BB47EA2528E9EFA400D530C3 /* NavBarController.swift */ = {isa = PBXFileReference; lastKnownFileType = sourcecode.swift; path = NavBarController.swift; sourceTree = "<group>"; };
		BB47EA2828E9F41E00D530C3 /* BaseController.swift */ = {isa = PBXFileReference; lastKnownFileType = sourcecode.swift; path = BaseController.swift; sourceTree = "<group>"; };
		BB47EA2F28E9FDA600D530C3 /* SessionController.swift */ = {isa = PBXFileReference; lastKnownFileType = sourcecode.swift; path = SessionController.swift; sourceTree = "<group>"; };
		BB47EA3128E9FDC600D530C3 /* ProgressController.swift */ = {isa = PBXFileReference; lastKnownFileType = sourcecode.swift; path = ProgressController.swift; sourceTree = "<group>"; };
		BB47EA3328E9FDFA00D530C3 /* SettingsController.swift */ = {isa = PBXFileReference; lastKnownFileType = sourcecode.swift; path = SettingsController.swift; sourceTree = "<group>"; };
		BB47EA3528EA528300D530C3 /* OverViewController.swift */ = {isa = PBXFileReference; lastKnownFileType = sourcecode.swift; path = OverViewController.swift; sourceTree = "<group>"; };
		BB6C985728E9BDB300CF6333 /* WorkOutApp.app */ = {isa = PBXFileReference; explicitFileType = wrapper.application; includeInIndex = 0; path = WorkOutApp.app; sourceTree = BUILT_PRODUCTS_DIR; };
		BB6C985A28E9BDB300CF6333 /* AppDelegate.swift */ = {isa = PBXFileReference; lastKnownFileType = sourcecode.swift; path = AppDelegate.swift; sourceTree = "<group>"; };
		BB6C985C28E9BDB300CF6333 /* SceneDelegate.swift */ = {isa = PBXFileReference; lastKnownFileType = sourcecode.swift; path = SceneDelegate.swift; sourceTree = "<group>"; };
		BB6C986328E9BDB500CF6333 /* Assets.xcassets */ = {isa = PBXFileReference; lastKnownFileType = folder.assetcatalog; path = Assets.xcassets; sourceTree = "<group>"; };
		BB6C986628E9BDB500CF6333 /* Base */ = {isa = PBXFileReference; lastKnownFileType = file.storyboard; name = Base; path = Base.lproj/LaunchScreen.storyboard; sourceTree = "<group>"; };
		BB6C986828E9BDB500CF6333 /* Info.plist */ = {isa = PBXFileReference; lastKnownFileType = text.plist.xml; path = Info.plist; sourceTree = "<group>"; };
		BB859BCC28EF8AF4003731C5 /* WAButton.swift */ = {isa = PBXFileReference; lastKnownFileType = sourcecode.swift; path = WAButton.swift; sourceTree = "<group>"; };
		BB859BD228F041E6003731C5 /* BaseView.swift */ = {isa = PBXFileReference; lastKnownFileType = sourcecode.swift; path = BaseView.swift; sourceTree = "<group>"; };
		BB859BD628F0F1AA003731C5 /* OverViewNavBar.swift */ = {isa = PBXFileReference; lastKnownFileType = sourcecode.swift; path = OverViewNavBar.swift; sourceTree = "<group>"; };
		BB859BD928F224BC003731C5 /* WeekView.swift */ = {isa = PBXFileReference; lastKnownFileType = sourcecode.swift; path = WeekView.swift; sourceTree = "<group>"; };
		BB859BDB28F22817003731C5 /* WeekDayView.swift */ = {isa = PBXFileReference; lastKnownFileType = sourcecode.swift; path = WeekDayView.swift; sourceTree = "<group>"; };
		BBD3DD0D2909574F00EC8B8F /* PersentView.swift */ = {isa = PBXFileReference; lastKnownFileType = sourcecode.swift; path = PersentView.swift; sourceTree = "<group>"; };
/* End PBXFileReference section */

/* Begin PBXFrameworksBuildPhase section */
		BB6C985428E9BDB300CF6333 /* Frameworks */ = {
			isa = PBXFrameworksBuildPhase;
			buildActionMask = 2147483647;
			files = (
			);
			runOnlyForDeploymentPostprocessing = 0;
		};
/* End PBXFrameworksBuildPhase section */

/* Begin PBXGroup section */
		BB28D51D28F99F830049BB92 /* Views */ = {
			isa = PBXGroup;
			children = (
				BB859BD228F041E6003731C5 /* BaseView.swift */,
				BB28D51E28F99FAB0049BB92 /* WABaseInfoView.swift */,
			);
			name = Views;
			sourceTree = "<group>";
		};
		BB28D52528FC5D2B0049BB92 /* Views */ = {
			isa = PBXGroup;
			children = (
				BB28D52828FC5E6A0049BB92 /* Timer */,
			);
			name = Views;
			sourceTree = "<group>";
		};
		BB28D52828FC5E6A0049BB92 /* Timer */ = {
			isa = PBXGroup;
			children = (
				BB28D52628FC5D580049BB92 /* TimerView.swift */,
				BB28D52928FC642F0049BB92 /* ProgressView.swift */,
				BBD3DD0D2909574F00EC8B8F /* PersentView.swift */,
			);
			name = Timer;
			sourceTree = "<group>";
		};
		BB47EA1F28E9C93600D530C3 /* Others */ = {
			isa = PBXGroup;
			children = (
				BB47EA2128E9C96100D530C3 /* Extentions.swift */,
				BB47EA2328E9CA9200D530C3 /* Resourses.swift */,
			);
			name = Others;
			sourceTree = "<group>";
		};
		BB47EA2728E9F3D600D530C3 /* Controllers */ = {
			isa = PBXGroup;
			children = (
				BB859BCB28EF8AAC003731C5 /* Session */,
				BB859BCA28EF8A9B003731C5 /* Progress */,
				BB859BC928EF8A8A003731C5 /* Settings */,
				BB859BC728EF8A64003731C5 /* OverView */,
				BB47EA2A28E9FD1500D530C3 /* Base */,
			);
			name = Controllers;
			sourceTree = "<group>";
		};
		BB47EA2A28E9FD1500D530C3 /* Base */ = {
			isa = PBXGroup;
			children = (
				BB28D51D28F99F830049BB92 /* Views */,
				BB47EA1D28E9C7CF00D530C3 /* TabBarController.swift */,
				BB47EA2528E9EFA400D530C3 /* NavBarController.swift */,
				BB47EA2828E9F41E00D530C3 /* BaseController.swift */,
				BB859BCC28EF8AF4003731C5 /* WAButton.swift */,
			);
			name = Base;
			sourceTree = "<group>";
		};
		BB6C984E28E9BDB300CF6333 = {
			isa = PBXGroup;
			children = (
				BB6C985928E9BDB300CF6333 /* WorkOutApp */,
				BB6C985828E9BDB300CF6333 /* Products */,
			);
			sourceTree = "<group>";
		};
		BB6C985828E9BDB300CF6333 /* Products */ = {
			isa = PBXGroup;
			children = (
				BB6C985728E9BDB300CF6333 /* WorkOutApp.app */,
			);
			name = Products;
			sourceTree = "<group>";
		};
		BB6C985928E9BDB300CF6333 /* WorkOutApp */ = {
			isa = PBXGroup;
			children = (
				BB47EA2728E9F3D600D530C3 /* Controllers */,
				BB47EA1F28E9C93600D530C3 /* Others */,
				BB6C986E28E9BEF900CF6333 /* Application */,
				BB6C986328E9BDB500CF6333 /* Assets.xcassets */,
				BB6C986528E9BDB500CF6333 /* LaunchScreen.storyboard */,
				BB6C986828E9BDB500CF6333 /* Info.plist */,
			);
			path = WorkOutApp;
			sourceTree = "<group>";
		};
		BB6C986E28E9BEF900CF6333 /* Application */ = {
			isa = PBXGroup;
			children = (
				BB6C985A28E9BDB300CF6333 /* AppDelegate.swift */,
				BB6C985C28E9BDB300CF6333 /* SceneDelegate.swift */,
			);
			name = Application;
			sourceTree = "<group>";
		};
		BB859BC728EF8A64003731C5 /* OverView */ = {
			isa = PBXGroup;
			children = (
				BB47EA3528EA528300D530C3 /* OverViewController.swift */,
				BB859BC828EF8A78003731C5 /* Views */,
			);
			name = OverView;
			sourceTree = "<group>";
		};
		BB859BC828EF8A78003731C5 /* Views */ = {
			isa = PBXGroup;
			children = (
				BB859BD828F22363003731C5 /* WeekView */,
				BB859BD628F0F1AA003731C5 /* OverViewNavBar.swift */,
			);
			name = Views;
			sourceTree = "<group>";
		};
		BB859BC928EF8A8A003731C5 /* Settings */ = {
			isa = PBXGroup;
			children = (
				BB47EA3328E9FDFA00D530C3 /* SettingsController.swift */,
			);
			name = Settings;
			sourceTree = "<group>";
		};
		BB859BCA28EF8A9B003731C5 /* Progress */ = {
			isa = PBXGroup;
			children = (
				BB47EA3128E9FDC600D530C3 /* ProgressController.swift */,
			);
			name = Progress;
			sourceTree = "<group>";
		};
		BB859BCB28EF8AAC003731C5 /* Session */ = {
			isa = PBXGroup;
			children = (
				BB28D52528FC5D2B0049BB92 /* Views */,
				BB47EA2F28E9FDA600D530C3 /* SessionController.swift */,
			);
			name = Session;
			sourceTree = "<group>";
		};
		BB859BD828F22363003731C5 /* WeekView */ = {
			isa = PBXGroup;
			children = (
				BB859BD928F224BC003731C5 /* WeekView.swift */,
				BB859BDB28F22817003731C5 /* WeekDayView.swift */,
			);
			name = WeekView;
			sourceTree = "<group>";
		};
/* End PBXGroup section */

/* Begin PBXNativeTarget section */
		BB6C985628E9BDB300CF6333 /* WorkOutApp */ = {
			isa = PBXNativeTarget;
			buildConfigurationList = BB6C986B28E9BDB500CF6333 /* Build configuration list for PBXNativeTarget "WorkOutApp" */;
			buildPhases = (
				BB6C985328E9BDB300CF6333 /* Sources */,
				BB6C985428E9BDB300CF6333 /* Frameworks */,
				BB6C985528E9BDB300CF6333 /* Resources */,
			);
			buildRules = (
			);
			dependencies = (
			);
			name = WorkOutApp;
			productName = WorkOutApp;
			productReference = BB6C985728E9BDB300CF6333 /* WorkOutApp.app */;
			productType = "com.apple.product-type.application";
		};
/* End PBXNativeTarget section */

/* Begin PBXProject section */
		BB6C984F28E9BDB300CF6333 /* Project object */ = {
			isa = PBXProject;
			attributes = {
				BuildIndependentTargetsInParallel = 1;
				LastSwiftUpdateCheck = 1330;
				LastUpgradeCheck = 1330;
				TargetAttributes = {
					BB6C985628E9BDB300CF6333 = {
						CreatedOnToolsVersion = 13.3.1;
					};
				};
			};
			buildConfigurationList = BB6C985228E9BDB300CF6333 /* Build configuration list for PBXProject "WorkOutApp" */;
			compatibilityVersion = "Xcode 13.0";
			developmentRegion = en;
			hasScannedForEncodings = 0;
			knownRegions = (
				en,
				Base,
			);
			mainGroup = BB6C984E28E9BDB300CF6333;
			productRefGroup = BB6C985828E9BDB300CF6333 /* Products */;
			projectDirPath = "";
			projectRoot = "";
			targets = (
				BB6C985628E9BDB300CF6333 /* WorkOutApp */,
			);
		};
/* End PBXProject section */

/* Begin PBXResourcesBuildPhase section */
		BB6C985528E9BDB300CF6333 /* Resources */ = {
			isa = PBXResourcesBuildPhase;
			buildActionMask = 2147483647;
			files = (
				BB6C986728E9BDB500CF6333 /* LaunchScreen.storyboard in Resources */,
				BB6C986428E9BDB500CF6333 /* Assets.xcassets in Resources */,
			);
			runOnlyForDeploymentPostprocessing = 0;
		};
/* End PBXResourcesBuildPhase section */

/* Begin PBXSourcesBuildPhase section */
		BB6C985328E9BDB300CF6333 /* Sources */ = {
			isa = PBXSourcesBuildPhase;
			buildActionMask = 2147483647;
			files = (
				BB28D52728FC5D580049BB92 /* TimerView.swift in Sources */,
				BB859BCD28EF8AF4003731C5 /* WAButton.swift in Sources */,
				BB859BDC28F22817003731C5 /* WeekDayView.swift in Sources */,
				BB47EA2228E9C96100D530C3 /* Extentions.swift in Sources */,
				BB47EA1E28E9C7CF00D530C3 /* TabBarController.swift in Sources */,
				BB47EA3028E9FDA600D530C3 /* SessionController.swift in Sources */,
				BB47EA2628E9EFA400D530C3 /* NavBarController.swift in Sources */,
				BB47EA3628EA528300D530C3 /* OverViewController.swift in Sources */,
				BB859BDA28F224BC003731C5 /* WeekView.swift in Sources */,
				BB859BD728F0F1AA003731C5 /* OverViewNavBar.swift in Sources */,
				BB47EA3428E9FDFA00D530C3 /* SettingsController.swift in Sources */,
				BB47EA3228E9FDC600D530C3 /* ProgressController.swift in Sources */,
				BB6C985B28E9BDB300CF6333 /* AppDelegate.swift in Sources */,
				BB47EA2428E9CA9200D530C3 /* Resourses.swift in Sources */,
				BBD3DD0E2909574F00EC8B8F /* PersentView.swift in Sources */,
				BB859BD328F041E6003731C5 /* BaseView.swift in Sources */,
				BB47EA2928E9F41E00D530C3 /* BaseController.swift in Sources */,
				BB28D52A28FC642F0049BB92 /* ProgressView.swift in Sources */,
				BB6C985D28E9BDB300CF6333 /* SceneDelegate.swift in Sources */,
				BB28D51F28F99FAB0049BB92 /* WABaseInfoView.swift in Sources */,
			);
			runOnlyForDeploymentPostprocessing = 0;
		};
/* End PBXSourcesBuildPhase section */

/* Begin PBXVariantGroup section */
		BB6C986528E9BDB500CF6333 /* LaunchScreen.storyboard */ = {
			isa = PBXVariantGroup;
			children = (
				BB6C986628E9BDB500CF6333 /* Base */,
			);
			name = LaunchScreen.storyboard;
			sourceTree = "<group>";
		};
/* End PBXVariantGroup section */

/* Begin XCBuildConfiguration section */
		BB6C986928E9BDB500CF6333 /* Debug */ = {
			isa = XCBuildConfiguration;
			buildSettings = {
				ALWAYS_SEARCH_USER_PATHS = NO;
				CLANG_ANALYZER_NONNULL = YES;
				CLANG_ANALYZER_NUMBER_OBJECT_CONVERSION = YES_AGGRESSIVE;
				CLANG_CXX_LANGUAGE_STANDARD = "gnu++17";
				CLANG_ENABLE_MODULES = YES;
				CLANG_ENABLE_OBJC_ARC = YES;
				CLANG_ENABLE_OBJC_WEAK = YES;
				CLANG_WARN_BLOCK_CAPTURE_AUTORELEASING = YES;
				CLANG_WARN_BOOL_CONVERSION = YES;
				CLANG_WARN_COMMA = YES;
				CLANG_WARN_CONSTANT_CONVERSION = YES;
				CLANG_WARN_DEPRECATED_OBJC_IMPLEMENTATIONS = YES;
				CLANG_WARN_DIRECT_OBJC_ISA_USAGE = YES_ERROR;
				CLANG_WARN_DOCUMENTATION_COMMENTS = YES;
				CLANG_WARN_EMPTY_BODY = YES;
				CLANG_WARN_ENUM_CONVERSION = YES;
				CLANG_WARN_INFINITE_RECURSION = YES;
				CLANG_WARN_INT_CONVERSION = YES;
				CLANG_WARN_NON_LITERAL_NULL_CONVERSION = YES;
				CLANG_WARN_OBJC_IMPLICIT_RETAIN_SELF = YES;
				CLANG_WARN_OBJC_LITERAL_CONVERSION = YES;
				CLANG_WARN_OBJC_ROOT_CLASS = YES_ERROR;
				CLANG_WARN_QUOTED_INCLUDE_IN_FRAMEWORK_HEADER = YES;
				CLANG_WARN_RANGE_LOOP_ANALYSIS = YES;
				CLANG_WARN_STRICT_PROTOTYPES = YES;
				CLANG_WARN_SUSPICIOUS_MOVE = YES;
				CLANG_WARN_UNGUARDED_AVAILABILITY = YES_AGGRESSIVE;
				CLANG_WARN_UNREACHABLE_CODE = YES;
				CLANG_WARN__DUPLICATE_METHOD_MATCH = YES;
				COPY_PHASE_STRIP = NO;
				DEBUG_INFORMATION_FORMAT = dwarf;
				ENABLE_STRICT_OBJC_MSGSEND = YES;
				ENABLE_TESTABILITY = YES;
				GCC_C_LANGUAGE_STANDARD = gnu11;
				GCC_DYNAMIC_NO_PIC = NO;
				GCC_NO_COMMON_BLOCKS = YES;
				GCC_OPTIMIZATION_LEVEL = 0;
				GCC_PREPROCESSOR_DEFINITIONS = (
					"DEBUG=1",
					"$(inherited)",
				);
				GCC_WARN_64_TO_32_BIT_CONVERSION = YES;
				GCC_WARN_ABOUT_RETURN_TYPE = YES_ERROR;
				GCC_WARN_UNDECLARED_SELECTOR = YES;
				GCC_WARN_UNINITIALIZED_AUTOS = YES_AGGRESSIVE;
				GCC_WARN_UNUSED_FUNCTION = YES;
				GCC_WARN_UNUSED_VARIABLE = YES;
				IPHONEOS_DEPLOYMENT_TARGET = 15.4;
				MTL_ENABLE_DEBUG_INFO = INCLUDE_SOURCE;
				MTL_FAST_MATH = YES;
				ONLY_ACTIVE_ARCH = YES;
				SDKROOT = iphoneos;
				SWIFT_ACTIVE_COMPILATION_CONDITIONS = DEBUG;
				SWIFT_OPTIMIZATION_LEVEL = "-Onone";
			};
			name = Debug;
		};
		BB6C986A28E9BDB500CF6333 /* Release */ = {
			isa = XCBuildConfiguration;
			buildSettings = {
				ALWAYS_SEARCH_USER_PATHS = NO;
				CLANG_ANALYZER_NONNULL = YES;
				CLANG_ANALYZER_NUMBER_OBJECT_CONVERSION = YES_AGGRESSIVE;
				CLANG_CXX_LANGUAGE_STANDARD = "gnu++17";
				CLANG_ENABLE_MODULES = YES;
				CLANG_ENABLE_OBJC_ARC = YES;
				CLANG_ENABLE_OBJC_WEAK = YES;
				CLANG_WARN_BLOCK_CAPTURE_AUTORELEASING = YES;
				CLANG_WARN_BOOL_CONVERSION = YES;
				CLANG_WARN_COMMA = YES;
				CLANG_WARN_CONSTANT_CONVERSION = YES;
				CLANG_WARN_DEPRECATED_OBJC_IMPLEMENTATIONS = YES;
				CLANG_WARN_DIRECT_OBJC_ISA_USAGE = YES_ERROR;
				CLANG_WARN_DOCUMENTATION_COMMENTS = YES;
				CLANG_WARN_EMPTY_BODY = YES;
				CLANG_WARN_ENUM_CONVERSION = YES;
				CLANG_WARN_INFINITE_RECURSION = YES;
				CLANG_WARN_INT_CONVERSION = YES;
				CLANG_WARN_NON_LITERAL_NULL_CONVERSION = YES;
				CLANG_WARN_OBJC_IMPLICIT_RETAIN_SELF = YES;
				CLANG_WARN_OBJC_LITERAL_CONVERSION = YES;
				CLANG_WARN_OBJC_ROOT_CLASS = YES_ERROR;
				CLANG_WARN_QUOTED_INCLUDE_IN_FRAMEWORK_HEADER = YES;
				CLANG_WARN_RANGE_LOOP_ANALYSIS = YES;
				CLANG_WARN_STRICT_PROTOTYPES = YES;
				CLANG_WARN_SUSPICIOUS_MOVE = YES;
				CLANG_WARN_UNGUARDED_AVAILABILITY = YES_AGGRESSIVE;
				CLANG_WARN_UNREACHABLE_CODE = YES;
				CLANG_WARN__DUPLICATE_METHOD_MATCH = YES;
				COPY_PHASE_STRIP = NO;
				DEBUG_INFORMATION_FORMAT = "dwarf-with-dsym";
				ENABLE_NS_ASSERTIONS = NO;
				ENABLE_STRICT_OBJC_MSGSEND = YES;
				GCC_C_LANGUAGE_STANDARD = gnu11;
				GCC_NO_COMMON_BLOCKS = YES;
				GCC_WARN_64_TO_32_BIT_CONVERSION = YES;
				GCC_WARN_ABOUT_RETURN_TYPE = YES_ERROR;
				GCC_WARN_UNDECLARED_SELECTOR = YES;
				GCC_WARN_UNINITIALIZED_AUTOS = YES_AGGRESSIVE;
				GCC_WARN_UNUSED_FUNCTION = YES;
				GCC_WARN_UNUSED_VARIABLE = YES;
				IPHONEOS_DEPLOYMENT_TARGET = 15.4;
				MTL_ENABLE_DEBUG_INFO = NO;
				MTL_FAST_MATH = YES;
				SDKROOT = iphoneos;
				SWIFT_COMPILATION_MODE = wholemodule;
				SWIFT_OPTIMIZATION_LEVEL = "-O";
				VALIDATE_PRODUCT = YES;
			};
			name = Release;
		};
		BB6C986C28E9BDB500CF6333 /* Debug */ = {
			isa = XCBuildConfiguration;
			buildSettings = {
				ASSETCATALOG_COMPILER_APPICON_NAME = AppIcon;
				ASSETCATALOG_COMPILER_GLOBAL_ACCENT_COLOR_NAME = AccentColor;
				CODE_SIGN_STYLE = Automatic;
				CURRENT_PROJECT_VERSION = 1;
				DEVELOPMENT_TEAM = B7CXNVY8HL;
				GENERATE_INFOPLIST_FILE = YES;
				INFOPLIST_FILE = WorkOutApp/Info.plist;
				INFOPLIST_KEY_UIApplicationSupportsIndirectInputEvents = YES;
				INFOPLIST_KEY_UILaunchStoryboardName = LaunchScreen;
				INFOPLIST_KEY_UISupportedInterfaceOrientations = UIInterfaceOrientationPortrait;
				INFOPLIST_KEY_UISupportedInterfaceOrientations_iPad = "UIInterfaceOrientationPortrait UIInterfaceOrientationPortraitUpsideDown UIInterfaceOrientationLandscapeLeft UIInterfaceOrientationLandscapeRight";
				INFOPLIST_KEY_UISupportedInterfaceOrientations_iPhone = "UIInterfaceOrientationPortrait UIInterfaceOrientationLandscapeLeft UIInterfaceOrientationLandscapeRight";
				LD_RUNPATH_SEARCH_PATHS = (
					"$(inherited)",
					"@executable_path/Frameworks",
				);
				MARKETING_VERSION = 1.0;
				PRODUCT_BUNDLE_IDENTIFIER = "casporator123-gmail.com.WorkOutApp";
				PRODUCT_NAME = "$(TARGET_NAME)";
				SWIFT_EMIT_LOC_STRINGS = YES;
				SWIFT_VERSION = 5.0;
				TARGETED_DEVICE_FAMILY = 1;
			};
			name = Debug;
		};
		BB6C986D28E9BDB500CF6333 /* Release */ = {
			isa = XCBuildConfiguration;
			buildSettings = {
				ASSETCATALOG_COMPILER_APPICON_NAME = AppIcon;
				ASSETCATALOG_COMPILER_GLOBAL_ACCENT_COLOR_NAME = AccentColor;
				CODE_SIGN_STYLE = Automatic;
				CURRENT_PROJECT_VERSION = 1;
				DEVELOPMENT_TEAM = B7CXNVY8HL;
				GENERATE_INFOPLIST_FILE = YES;
				INFOPLIST_FILE = WorkOutApp/Info.plist;
				INFOPLIST_KEY_UIApplicationSupportsIndirectInputEvents = YES;
				INFOPLIST_KEY_UILaunchStoryboardName = LaunchScreen;
				INFOPLIST_KEY_UISupportedInterfaceOrientations = UIInterfaceOrientationPortrait;
				INFOPLIST_KEY_UISupportedInterfaceOrientations_iPad = "UIInterfaceOrientationPortrait UIInterfaceOrientationPortraitUpsideDown UIInterfaceOrientationLandscapeLeft UIInterfaceOrientationLandscapeRight";
				INFOPLIST_KEY_UISupportedInterfaceOrientations_iPhone = "UIInterfaceOrientationPortrait UIInterfaceOrientationLandscapeLeft UIInterfaceOrientationLandscapeRight";
				LD_RUNPATH_SEARCH_PATHS = (
					"$(inherited)",
					"@executable_path/Frameworks",
				);
				MARKETING_VERSION = 1.0;
				PRODUCT_BUNDLE_IDENTIFIER = "casporator123-gmail.com.WorkOutApp";
				PRODUCT_NAME = "$(TARGET_NAME)";
				SWIFT_EMIT_LOC_STRINGS = YES;
				SWIFT_VERSION = 5.0;
				TARGETED_DEVICE_FAMILY = 1;
			};
			name = Release;
		};
/* End XCBuildConfiguration section */

/* Begin XCConfigurationList section */
		BB6C985228E9BDB300CF6333 /* Build configuration list for PBXProject "WorkOutApp" */ = {
			isa = XCConfigurationList;
			buildConfigurations = (
				BB6C986928E9BDB500CF6333 /* Debug */,
				BB6C986A28E9BDB500CF6333 /* Release */,
			);
			defaultConfigurationIsVisible = 0;
			defaultConfigurationName = Release;
		};
		BB6C986B28E9BDB500CF6333 /* Build configuration list for PBXNativeTarget "WorkOutApp" */ = {
			isa = XCConfigurationList;
			buildConfigurations = (
				BB6C986C28E9BDB500CF6333 /* Debug */,
				BB6C986D28E9BDB500CF6333 /* Release */,
			);
			defaultConfigurationIsVisible = 0;
			defaultConfigurationName = Release;
		};
/* End XCConfigurationList section */
	};
	rootObject = BB6C984F28E9BDB300CF6333 /* Project object */;
}
